
Microsoft Visual Studio Solution File, Format Version 12.00
# Visual Studio Version 17
VisualStudioVersion = 17.12.35707.178
MinimumVisualStudioVersion = 10.0.40219.1
Project("{FAE04EC0-301F-11D3-BF4B-00C04F79EFBC}") = "FirstRazorApp", "FirstRazorApp\FirstRazorApp.csproj", "{C6507C06-2690-4C45-B48E-B202B63F89DA}"
EndProject
Global
	GlobalSection(SolutionConfigurationPlatforms) = preSolution
		Debug|Any CPU = Debug|Any CPU
		Release|Any CPU = Release|Any CPU
	EndGlobalSection
	GlobalSection(ProjectConfigurationPlatforms) = postSolution
		{C6507C06-2690-4C45-B48E-B202B63F89DA}.Debug|Any CPU.ActiveCfg = Debug|Any CPU
		{C6507C06-2690-4C45-B48E-B202B63F89DA}.Debug|Any CPU.Build.0 = Debug|Any CPU
		{C6507C06-2690-4C45-B48E-B202B63F89DA}.Release|Any CPU.ActiveCfg = Release|Any CPU
		{C6507C06-2690-4C45-B48E-B202B63F89DA}.Release|Any CPU.Build.0 = Release|Any CPU
	EndGlobalSection
	GlobalSection(SolutionProperties) = preSolution
		HideSolutionNode = FALSE
	EndGlobalSection
	GlobalSection(ExtensibilityGlobals) = postSolution
		SolutionGuid = {2828A8FB-5C4D-491A-8379-EFACC68AB2A3}
	EndGlobalSection
EndGlobal
